
Microsoft Visual Studio Solution File, Format Version 12.00
# Visual Studio Version 17
VisualStudioVersion = 17.11.35222.181
MinimumVisualStudioVersion = 10.0.40219.1
Project("{FAE04EC0-301F-11D3-BF4B-00C04F79EFBC}") = "myMetarAPP", "myMetarAPP.csproj", "{32FDC172-D2A7-44F9-ABEE-85F9D93D4804}"
EndProject
Global
	GlobalSection(SolutionConfigurationPlatforms) = preSolution
		Debug|Any CPU = Debug|Any CPU
		Release|Any CPU = Release|Any CPU
	EndGlobalSection
	GlobalSection(ProjectConfigurationPlatforms) = postSolution
		{32FDC172-D2A7-44F9-ABEE-85F9D93D4804}.Debug|Any CPU.ActiveCfg = Debug|Any CPU
		{32FDC172-D2A7-44F9-ABEE-85F9D93D4804}.Debug|Any CPU.Build.0 = Debug|Any CPU
		{32FDC172-D2A7-44F9-ABEE-85F9D93D4804}.Release|Any CPU.ActiveCfg = Release|Any CPU
		{32FDC172-D2A7-44F9-ABEE-85F9D93D4804}.Release|Any CPU.Build.0 = Release|Any CPU
	EndGlobalSection
	GlobalSection(SolutionProperties) = preSolution
		HideSolutionNode = FALSE
	EndGlobalSection
	GlobalSection(ExtensibilityGlobals) = postSolution
		SolutionGuid = {2394749B-62AC-4ECA-98A3-BF5804424BA8}
	EndGlobalSection
EndGlobal
